REFERENCES: STRICT
STORAGE: PACKAGES
RESTRICTION: == net47
HTTP
  remote: https://github.com
    UnisaveJWT.dll (/unisave-cloud/jwt/releases/download/20231202.18/UnisaveJWT.dll)
GITHUB
  remote: MarcosLopezC/LightJson
    FULLPROJECT (e9fde42c10e8b4b06816d8d5d9cfdbdbe599f6ae)
  remote: grumpydev/TinyIoC
    src/TinyIoC/TinyIoC.cs (49889ccf0d1e50510700319380109566a72047cc)